
Microsoft Visual Studio Solution File, Format Version 12.00
# Visual Studio 15
VisualStudioVersion = 15.0.26730.15
MinimumVisualStudioVersion = 10.0.40219.1
Project("{FAE04EC0-301F-11D3-BF4B-00C04F79EFBC}") = "UdynWindowsService", "UdynWindowsService\UdynWindowsService.csproj", "{AB6F1DBA-C38A-40B7-91C7-6C03A415AF42}"
EndProject
Project("{930C7802-8A8C-48F9-8165-68863BCCD9DD}") = "UdynWiXInstaller", "UdynWiXInstaller\UdynWiXInstaller.wixproj", "{E39B4048-9E15-416E-A8E6-B681BE87329F}"
EndProject
Project("{FAE04EC0-301F-11D3-BF4B-00C04F79EFBC}") = "UdynWixInstaller_CreateConfigCA", "UdynWixInstaller_CreateConfigCA\UdynWixInstaller_CreateConfigCA.csproj", "{29CAF60A-83FE-49EC-A979-23009A6788AA}"
EndProject
Global
	GlobalSection(SolutionConfigurationPlatforms) = preSolution
		Debug|Any CPU = Debug|Any CPU
		Debug|x86 = Debug|x86
		Release|Any CPU = Release|Any CPU
		Release|x86 = Release|x86
	EndGlobalSection
	GlobalSection(ProjectConfigurationPlatforms) = postSolution
		{AB6F1DBA-C38A-40B7-91C7-6C03A415AF42}.Debug|Any CPU.ActiveCfg = Debug|Any CPU
		{AB6F1DBA-C38A-40B7-91C7-6C03A415AF42}.Debug|Any CPU.Build.0 = Debug|Any CPU
		{AB6F1DBA-C38A-40B7-91C7-6C03A415AF42}.Debug|x86.ActiveCfg = Debug|Any CPU
		{AB6F1DBA-C38A-40B7-91C7-6C03A415AF42}.Debug|x86.Build.0 = Debug|Any CPU
		{AB6F1DBA-C38A-40B7-91C7-6C03A415AF42}.Release|Any CPU.ActiveCfg = Release|Any CPU
		{AB6F1DBA-C38A-40B7-91C7-6C03A415AF42}.Release|Any CPU.Build.0 = Release|Any CPU
		{AB6F1DBA-C38A-40B7-91C7-6C03A415AF42}.Release|x86.ActiveCfg = Release|Any CPU
		{AB6F1DBA-C38A-40B7-91C7-6C03A415AF42}.Release|x86.Build.0 = Release|Any CPU
		{E39B4048-9E15-416E-A8E6-B681BE87329F}.Debug|Any CPU.ActiveCfg = Debug|x86
		{E39B4048-9E15-416E-A8E6-B681BE87329F}.Debug|Any CPU.Build.0 = Debug|x86
		{E39B4048-9E15-416E-A8E6-B681BE87329F}.Debug|x86.ActiveCfg = Debug|x86
		{E39B4048-9E15-416E-A8E6-B681BE87329F}.Debug|x86.Build.0 = Debug|x86
		{E39B4048-9E15-416E-A8E6-B681BE87329F}.Release|Any CPU.ActiveCfg = Release|x86
		{E39B4048-9E15-416E-A8E6-B681BE87329F}.Release|Any CPU.Build.0 = Release|x86
		{E39B4048-9E15-416E-A8E6-B681BE87329F}.Release|x86.ActiveCfg = Release|x86
		{E39B4048-9E15-416E-A8E6-B681BE87329F}.Release|x86.Build.0 = Release|x86
		{29CAF60A-83FE-49EC-A979-23009A6788AA}.Debug|Any CPU.ActiveCfg = Debug|x86
		{29CAF60A-83FE-49EC-A979-23009A6788AA}.Debug|Any CPU.Build.0 = Debug|x86
		{29CAF60A-83FE-49EC-A979-23009A6788AA}.Debug|x86.ActiveCfg = Debug|x86
		{29CAF60A-83FE-49EC-A979-23009A6788AA}.Debug|x86.Build.0 = Debug|x86
		{29CAF60A-83FE-49EC-A979-23009A6788AA}.Release|Any CPU.ActiveCfg = Release|x86
		{29CAF60A-83FE-49EC-A979-23009A6788AA}.Release|Any CPU.Build.0 = Release|x86
		{29CAF60A-83FE-49EC-A979-23009A6788AA}.Release|x86.ActiveCfg = Release|x86
		{29CAF60A-83FE-49EC-A979-23009A6788AA}.Release|x86.Build.0 = Release|x86
	EndGlobalSection
	GlobalSection(SolutionProperties) = preSolution
		HideSolutionNode = FALSE
	EndGlobalSection
	GlobalSection(ExtensibilityGlobals) = postSolution
		SolutionGuid = {A08E3E8C-4424-44C1-AC01-9F77EBC96A8A}
	EndGlobalSection
EndGlobal
